
Microsoft Visual Studio Solution File, Format Version 12.00
# Visual Studio 14
VisualStudioVersion = 14.0.25420.1
MinimumVisualStudioVersion = 10.0.40219.1
Project("{2150E333-8FDC-42A3-9474-1A3956D46DE8}") = "src", "src", "{17070A46-661F-4A01-8B84-CE9C59173779}"
EndProject
Project("{2150E333-8FDC-42A3-9474-1A3956D46DE8}") = "Solution Items", "Solution Items", "{15E38D17-ECED-49D4-A161-38EC79E795E9}"
	ProjectSection(SolutionItems) = preProject
		.gitignore = .gitignore
		global.json = global.json
		LICENSE = LICENSE
		QuickApp.gif = QuickApp.gif
		README.md = README.md
	EndProjectSection
EndProject
Project("{8BB2217D-0F2D-49D1-97BC-3654ED321F3B}") = "QuickApp", "src\QuickApp\QuickApp.xproj", "{4B467D5D-FA6F-412E-8B45-45BF0630180C}"
EndProject
Project("{8BB2217D-0F2D-49D1-97BC-3654ED321F3B}") = "DAL", "src\DAL\DAL.xproj", "{C4C99D7C-0A91-418A-AE87-FD4EE43892D8}"
EndProject
Global
	GlobalSection(SolutionConfigurationPlatforms) = preSolution
		Debug|Any CPU = Debug|Any CPU
		Release|Any CPU = Release|Any CPU
	EndGlobalSection
	GlobalSection(ProjectConfigurationPlatforms) = postSolution
		{4B467D5D-FA6F-412E-8B45-45BF0630180C}.Debug|Any CPU.ActiveCfg = Debug|Any CPU
		{4B467D5D-FA6F-412E-8B45-45BF0630180C}.Debug|Any CPU.Build.0 = Debug|Any CPU
		{4B467D5D-FA6F-412E-8B45-45BF0630180C}.Release|Any CPU.ActiveCfg = Release|Any CPU
		{4B467D5D-FA6F-412E-8B45-45BF0630180C}.Release|Any CPU.Build.0 = Release|Any CPU
		{C4C99D7C-0A91-418A-AE87-FD4EE43892D8}.Debug|Any CPU.ActiveCfg = Debug|Any CPU
		{C4C99D7C-0A91-418A-AE87-FD4EE43892D8}.Debug|Any CPU.Build.0 = Debug|Any CPU
		{C4C99D7C-0A91-418A-AE87-FD4EE43892D8}.Release|Any CPU.ActiveCfg = Release|Any CPU
		{C4C99D7C-0A91-418A-AE87-FD4EE43892D8}.Release|Any CPU.Build.0 = Release|Any CPU
	EndGlobalSection
	GlobalSection(SolutionProperties) = preSolution
		HideSolutionNode = FALSE
	EndGlobalSection
	GlobalSection(NestedProjects) = preSolution
		{4B467D5D-FA6F-412E-8B45-45BF0630180C} = {17070A46-661F-4A01-8B84-CE9C59173779}
		{C4C99D7C-0A91-418A-AE87-FD4EE43892D8} = {17070A46-661F-4A01-8B84-CE9C59173779}
	EndGlobalSection
EndGlobal
