
Microsoft Visual Studio Solution File, Format Version 12.00
# Visual Studio Version 17
VisualStudioVersion = 17.12.35506.116
MinimumVisualStudioVersion = 10.0.40219.1
Project("{FAE04EC0-301F-11D3-BF4B-00C04F79EFBC}") = "QuickApp.Server", "QuickApp.Server\QuickApp.Server.csproj", "{E80B9546-1F09-404A-9721-7A9F8A999B7C}"
EndProject
Project("{54A90642-561A-4BB1-A94E-469ADEE60C69}") = "quickapp.client", "quickapp.client\quickapp.client.esproj", "{826A9202-C150-44C0-A1B6-91F8843BB14E}"
EndProject
Project("{FAE04EC0-301F-11D3-BF4B-00C04F79EFBC}") = "QuickApp.Core", "QuickApp.Core\QuickApp.Core.csproj", "{3B0088D6-1A80-4806-84A3-D37D8581DB05}"
EndProject
Project("{2150E333-8FDC-42A3-9474-1A3956D46DE8}") = "Solution Items", "Solution Items", "{FC2CFFC8-529D-408A-B7E5-A660AA8AF00C}"
	ProjectSection(SolutionItems) = preProject
		.gitignore = .gitignore
		LICENSE = LICENSE
		README.md = README.md
	EndProjectSection
EndProject
Global
	GlobalSection(SolutionConfigurationPlatforms) = preSolution
		Debug|Any CPU = Debug|Any CPU
		Release|Any CPU = Release|Any CPU
	EndGlobalSection
	GlobalSection(ProjectConfigurationPlatforms) = postSolution
		{E80B9546-1F09-404A-9721-7A9F8A999B7C}.Debug|Any CPU.ActiveCfg = Debug|Any CPU
		{E80B9546-1F09-404A-9721-7A9F8A999B7C}.Debug|Any CPU.Build.0 = Debug|Any CPU
		{E80B9546-1F09-404A-9721-7A9F8A999B7C}.Release|Any CPU.ActiveCfg = Release|Any CPU
		{E80B9546-1F09-404A-9721-7A9F8A999B7C}.Release|Any CPU.Build.0 = Release|Any CPU
		{826A9202-C150-44C0-A1B6-91F8843BB14E}.Debug|Any CPU.ActiveCfg = Debug|Any CPU
		{826A9202-C150-44C0-A1B6-91F8843BB14E}.Debug|Any CPU.Build.0 = Debug|Any CPU
		{826A9202-C150-44C0-A1B6-91F8843BB14E}.Debug|Any CPU.Deploy.0 = Debug|Any CPU
		{826A9202-C150-44C0-A1B6-91F8843BB14E}.Release|Any CPU.ActiveCfg = Release|Any CPU
		{826A9202-C150-44C0-A1B6-91F8843BB14E}.Release|Any CPU.Build.0 = Release|Any CPU
		{826A9202-C150-44C0-A1B6-91F8843BB14E}.Release|Any CPU.Deploy.0 = Release|Any CPU
		{3B0088D6-1A80-4806-84A3-D37D8581DB05}.Debug|Any CPU.ActiveCfg = Debug|Any CPU
		{3B0088D6-1A80-4806-84A3-D37D8581DB05}.Debug|Any CPU.Build.0 = Debug|Any CPU
		{3B0088D6-1A80-4806-84A3-D37D8581DB05}.Release|Any CPU.ActiveCfg = Release|Any CPU
		{3B0088D6-1A80-4806-84A3-D37D8581DB05}.Release|Any CPU.Build.0 = Release|Any CPU
	EndGlobalSection
	GlobalSection(SolutionProperties) = preSolution
		HideSolutionNode = FALSE
	EndGlobalSection
EndGlobal
